<?xml version="1.0" encoding="utf-8"?>
<Project ToolsVersion="4.0" xmlns="http://schemas.microsoft.com/developer/msbuild/2003">
  <ItemGroup>
    <ClCompile Include="main.cpp" />
    <ClCompile Include="Game.cpp">
      <Filter>Engine</Filter>
    </ClCompile>
    <ClCompile Include="BaseObject.cpp">
      <Filter>Graphics</Filter>
    </ClCompile>
    <ClCompile Include="TextureManager.cpp">
      <Filter>Graphics</Filter>
    </ClCompile>
    <ClCompile Include="Board.cpp">
      <Filter>Graphics</Filter>
    </ClCompile>
    <ClCompile Include="Box.cpp">
      <Filter>Graphics</Filter>
    </ClCompile>
    <ClCompile Include="Button.cpp">
      <Filter>Graphics</Filter>
    </ClCompile>
    <ClCompile Include="HintButton.cpp" />
    <ClCompile Include="EventHandler.cpp">
      <Filter>EventHandler</Filter>
    </ClCompile>
    <ClCompile Include="GameControlsWrapper.cpp" />
    <ClCompile Include="Numpad.cpp" />
    <ClCompile Include="Timer.cpp" />
    <ClCompile Include="BoardWrapper.cpp" />
    <ClCompile Include="Texture.cpp" />
    <ClCompile Include="FillNumber.cpp" />
    <ClCompile Include="ChooseLevelPage.cpp" />
  </ItemGroup>
  <ItemGroup>
    <Filter Include="Graphics">
      <UniqueIdentifier>{44df25f3-6599-4778-919e-c052c3959a88}</UniqueIdentifier>
    </Filter>
    <Filter Include="EventHandler">
      <UniqueIdentifier>{7e33569c-ab25-463f-b6d4-11c37602e69f}</UniqueIdentifier>
    </Filter>
    <Filter Include="Engine">
      <UniqueIdentifier>{9cd07204-6db9-4159-97bd-4cb4e5e362e9}</UniqueIdentifier>
    </Filter>
  </ItemGroup>
  <ItemGroup>
    <ClInclude Include="Game.h">
      <Filter>Engine</Filter>
    </ClInclude>
    <ClInclude Include="TextureManager.h">
      <Filter>Graphics</Filter>
    </ClInclude>
    <ClInclude Include="BaseObject.h">
      <Filter>Graphics</Filter>
    </ClInclude>
    <ClInclude Include="Box.h">
      <Filter>Graphics</Filter>
    </ClInclude>
    <ClInclude Include="Board.h">
      <Filter>Graphics</Filter>
    </ClInclude>
    <ClInclude Include="Button.h">
      <Filter>Graphics</Filter>
    </ClInclude>
    <ClInclude Include="HintButton.h">
      <Filter>Graphics</Filter>
    </ClInclude>
    <ClInclude Include="EventHandler.h">
      <Filter>EventHandler</Filter>
    </ClInclude>
    <ClInclude Include="Timer.h">
      <Filter>Graphics</Filter>
    </ClInclude>
    <ClInclude Include="GameControlsWrapper.h">
      <Filter>Graphics</Filter>
    </ClInclude>
    <ClInclude Include="Numpad.h">
      <Filter>Graphics</Filter>
    </ClInclude>
    <ClInclude Include="BoardWrapper.h">
      <Filter>Graphics</Filter>
    </ClInclude>
    <ClInclude Include="Texture.h">
      <Filter>Graphics</Filter>
    </ClInclude>
    <ClInclude Include="FillNumber.h">
      <Filter>Graphics</Filter>
    </ClInclude>
    <ClInclude Include="PencilButton.h">
      <Filter>Graphics</Filter>
    </ClInclude>
    <ClInclude Include="EraserButton.h">
      <Filter>Graphics</Filter>
    </ClInclude>
    <ClInclude Include="AbstractPage.h">
      <Filter>Graphics</Filter>
    </ClInclude>
    <ClInclude Include="ChooseLevelPage.h">
      <Filter>Graphics</Filter>
    </ClInclude>
  </ItemGroup>
</Project>