<?xml version="1.0" encoding="utf-8"?>
<Project ToolsVersion="4.0" xmlns="http://schemas.microsoft.com/developer/msbuild/2003">
  <ItemGroup>
    <ClCompile Include="main.cpp" />
    <ClCompile Include="Game.cpp">
      <Filter>Engine</Filter>
    </ClCompile>
    <ClCompile Include="EventHandler.cpp">
      <Filter>EventHandler</Filter>
    </ClCompile>
    <ClCompile Include="BaseObject.cpp">
      <Filter>Graphics</Filter>
    </ClCompile>
    <ClCompile Include="TextureManager.cpp">
      <Filter>Graphics</Filter>
    </ClCompile>
    <ClCompile Include="Board.cpp">
      <Filter>Graphics</Filter>
    </ClCompile>
    <ClCompile Include="Box.cpp">
      <Filter>Graphics</Filter>
    </ClCompile>
    <ClCompile Include="Button.cpp">
      <Filter>Graphics</Filter>
    </ClCompile>
  </ItemGroup>
  <ItemGroup>
    <Filter Include="Graphics">
      <UniqueIdentifier>{44df25f3-6599-4778-919e-c052c3959a88}</UniqueIdentifier>
    </Filter>
    <Filter Include="EventHandler">
      <UniqueIdentifier>{7e33569c-ab25-463f-b6d4-11c37602e69f}</UniqueIdentifier>
    </Filter>
    <Filter Include="Engine">
      <UniqueIdentifier>{9cd07204-6db9-4159-97bd-4cb4e5e362e9}</UniqueIdentifier>
    </Filter>
    <Filter Include="Images">
      <UniqueIdentifier>{4d19981c-6d57-4e1e-9f98-07024ac415b4}</UniqueIdentifier>
    </Filter>
  </ItemGroup>
  <ItemGroup>
    <ClInclude Include="Game.h">
      <Filter>Engine</Filter>
    </ClInclude>
    <ClInclude Include="EventHandler.h">
      <Filter>EventHandler</Filter>
    </ClInclude>
    <ClInclude Include="TextureManager.h">
      <Filter>Graphics</Filter>
    </ClInclude>
    <ClInclude Include="BaseObject.h">
      <Filter>Graphics</Filter>
    </ClInclude>
    <ClInclude Include="Box.h">
      <Filter>Graphics</Filter>
    </ClInclude>
    <ClInclude Include="Board.h">
      <Filter>Graphics</Filter>
    </ClInclude>
    <ClInclude Include="Button.h">
      <Filter>Graphics</Filter>
    </ClInclude>
  </ItemGroup>
  <ItemGroup>
    <Image Include="sudoku_icon.bmp">
      <Filter>Images</Filter>
    </Image>
    <Image Include="SudokuBoard.png">
      <Filter>Images</Filter>
    </Image>
    <Image Include="SudokuBKG.png">
      <Filter>Images</Filter>
    </Image>
    <Image Include="correct_5.png">
      <Filter>Images</Filter>
    </Image>
    <Image Include="const_6.png">
      <Filter>Images</Filter>
    </Image>
  </ItemGroup>
</Project>